
Microsoft Visual Studio Solution File, Format Version 12.00
# Visual Studio 15
VisualStudioVersion = 15.0.28307.539
MinimumVisualStudioVersion = 10.0.40219.1
Project("{9A19103F-16F7-4668-BE54-9A1E7A4F7556}") = "Abc.Northwind.Entities", "Abc.Northwind.Entities\Abc.Northwind.Entities.csproj", "{03815A85-7189-4F53-B1F7-993FCE21889E}"
EndProject
Project("{9A19103F-16F7-4668-BE54-9A1E7A4F7556}") = "Abc.Northwind.DataAccess", "Abc.Northwind.DataAccess\Abc.Northwind.DataAccess.csproj", "{ED7058D0-6A5D-4810-A883-714524F5D27D}"
EndProject
Project("{9A19103F-16F7-4668-BE54-9A1E7A4F7556}") = "Abc.Northwind.Busines", "Abc.Northwind.Busines\Abc.Northwind.Busines.csproj", "{AB2ABEB8-0C41-46AC-A1E8-EED19CC61315}"
EndProject
Project("{9A19103F-16F7-4668-BE54-9A1E7A4F7556}") = "Abc.Northwind.MvcWebUI", "Abc.Northwind.MvcWebUI\Abc.Northwind.MvcWebUI.csproj", "{834492EE-337D-4612-B982-3DA5E1AA9EE3}"
EndProject
Project("{9A19103F-16F7-4668-BE54-9A1E7A4F7556}") = "Abc.Core", "Abc.Core\Abc.Core.csproj", "{0E6C7C8A-867A-407F-8496-3606393799AD}"
EndProject
Global
	GlobalSection(SolutionConfigurationPlatforms) = preSolution
		Debug|Any CPU = Debug|Any CPU
		Release|Any CPU = Release|Any CPU
	EndGlobalSection
	GlobalSection(ProjectConfigurationPlatforms) = postSolution
		{03815A85-7189-4F53-B1F7-993FCE21889E}.Debug|Any CPU.ActiveCfg = Debug|Any CPU
		{03815A85-7189-4F53-B1F7-993FCE21889E}.Debug|Any CPU.Build.0 = Debug|Any CPU
		{03815A85-7189-4F53-B1F7-993FCE21889E}.Release|Any CPU.ActiveCfg = Release|Any CPU
		{03815A85-7189-4F53-B1F7-993FCE21889E}.Release|Any CPU.Build.0 = Release|Any CPU
		{ED7058D0-6A5D-4810-A883-714524F5D27D}.Debug|Any CPU.ActiveCfg = Debug|Any CPU
		{ED7058D0-6A5D-4810-A883-714524F5D27D}.Debug|Any CPU.Build.0 = Debug|Any CPU
		{ED7058D0-6A5D-4810-A883-714524F5D27D}.Release|Any CPU.ActiveCfg = Release|Any CPU
		{ED7058D0-6A5D-4810-A883-714524F5D27D}.Release|Any CPU.Build.0 = Release|Any CPU
		{AB2ABEB8-0C41-46AC-A1E8-EED19CC61315}.Debug|Any CPU.ActiveCfg = Debug|Any CPU
		{AB2ABEB8-0C41-46AC-A1E8-EED19CC61315}.Debug|Any CPU.Build.0 = Debug|Any CPU
		{AB2ABEB8-0C41-46AC-A1E8-EED19CC61315}.Release|Any CPU.ActiveCfg = Release|Any CPU
		{AB2ABEB8-0C41-46AC-A1E8-EED19CC61315}.Release|Any CPU.Build.0 = Release|Any CPU
		{834492EE-337D-4612-B982-3DA5E1AA9EE3}.Debug|Any CPU.ActiveCfg = Debug|Any CPU
		{834492EE-337D-4612-B982-3DA5E1AA9EE3}.Debug|Any CPU.Build.0 = Debug|Any CPU
		{834492EE-337D-4612-B982-3DA5E1AA9EE3}.Release|Any CPU.ActiveCfg = Release|Any CPU
		{834492EE-337D-4612-B982-3DA5E1AA9EE3}.Release|Any CPU.Build.0 = Release|Any CPU
		{0E6C7C8A-867A-407F-8496-3606393799AD}.Debug|Any CPU.ActiveCfg = Debug|Any CPU
		{0E6C7C8A-867A-407F-8496-3606393799AD}.Debug|Any CPU.Build.0 = Debug|Any CPU
		{0E6C7C8A-867A-407F-8496-3606393799AD}.Release|Any CPU.ActiveCfg = Release|Any CPU
		{0E6C7C8A-867A-407F-8496-3606393799AD}.Release|Any CPU.Build.0 = Release|Any CPU
	EndGlobalSection
	GlobalSection(SolutionProperties) = preSolution
		HideSolutionNode = FALSE
	EndGlobalSection
	GlobalSection(ExtensibilityGlobals) = postSolution
		SolutionGuid = {804A368C-64CB-4F19-9873-2C64C6C1D65E}
	EndGlobalSection
EndGlobal
